
Microsoft Visual Studio Solution File, Format Version 12.00
# Visual Studio Version 16
VisualStudioVersion = 16.0.32126.315
MinimumVisualStudioVersion = 10.0.40219.1
Project("{FAE04EC0-301F-11D3-BF4B-00C04F79EFBC}") = "MenuItemListing", "MenuItemListing.csproj", "{9864203E-6914-4E86-9F93-4EB968A9734D}"
EndProject
Global
	GlobalSection(SolutionConfigurationPlatforms) = preSolution
		Debug|Any CPU = Debug|Any CPU
		Release|Any CPU = Release|Any CPU
	EndGlobalSection
	GlobalSection(ProjectConfigurationPlatforms) = postSolution
		{9864203E-6914-4E86-9F93-4EB968A9734D}.Debug|Any CPU.ActiveCfg = Debug|Any CPU
		{9864203E-6914-4E86-9F93-4EB968A9734D}.Debug|Any CPU.Build.0 = Debug|Any CPU
		{9864203E-6914-4E86-9F93-4EB968A9734D}.Release|Any CPU.ActiveCfg = Release|Any CPU
		{9864203E-6914-4E86-9F93-4EB968A9734D}.Release|Any CPU.Build.0 = Release|Any CPU
	EndGlobalSection
	GlobalSection(SolutionProperties) = preSolution
		HideSolutionNode = FALSE
	EndGlobalSection
	GlobalSection(ExtensibilityGlobals) = postSolution
		SolutionGuid = {78D3D6A8-5931-4AC9-86BF-C3D738B10318}
	EndGlobalSection
EndGlobal
